
Microsoft Visual Studio Solution File, Format Version 12.00
# Visual Studio Version 17
VisualStudioVersion = 17.11.35208.52
MinimumVisualStudioVersion = 10.0.40219.1
Project("{FAE04EC0-301F-11D3-BF4B-00C04F79EFBC}") = "StarWarsControlFlow", "StarWarsControlFlow\StarWarsControlFlow.csproj", "{E5C786BC-E6BD-4C6D-A0E0-C357090F8D13}"
EndProject
Global
	GlobalSection(SolutionConfigurationPlatforms) = preSolution
		Debug|Any CPU = Debug|Any CPU
		Release|Any CPU = Release|Any CPU
	EndGlobalSection
	GlobalSection(ProjectConfigurationPlatforms) = postSolution
		{E5C786BC-E6BD-4C6D-A0E0-C357090F8D13}.Debug|Any CPU.ActiveCfg = Debug|Any CPU
		{E5C786BC-E6BD-4C6D-A0E0-C357090F8D13}.Debug|Any CPU.Build.0 = Debug|Any CPU
		{E5C786BC-E6BD-4C6D-A0E0-C357090F8D13}.Release|Any CPU.ActiveCfg = Release|Any CPU
		{E5C786BC-E6BD-4C6D-A0E0-C357090F8D13}.Release|Any CPU.Build.0 = Release|Any CPU
	EndGlobalSection
	GlobalSection(SolutionProperties) = preSolution
		HideSolutionNode = FALSE
	EndGlobalSection
	GlobalSection(ExtensibilityGlobals) = postSolution
		SolutionGuid = {F9A41135-9FAD-4CB7-9211-B18871C5FC94}
	EndGlobalSection
EndGlobal
